{
    "_readme": [
        "This file locks the dependencies of your project to a known state",
        "Read more about it at https://getcomposer.org/doc/01-basic-usage.md#composer-lock-the-lock-file",
        "This file is @generated automatically"
    ],
    "content-hash": "56ad18bf279f02fc3791e1899c1de7a7",
    "packages": [
        {
            "name": "abraham/twitteroauth",
            "version": "dev-fixes",
            "source": {
                "type": "git",
                "url": "https://github.com/maalls/twitteroauth.git",
                "reference": "263c3f0aee111ac4dbea3e56b40f55d4238a51f0"
            },
            "dist": {
                "type": "zip",
                "url": "https://api.github.com/repos/maalls/twitteroauth/zipball/263c3f0aee111ac4dbea3e56b40f55d4238a51f0",
                "reference": "263c3f0aee111ac4dbea3e56b40f55d4238a51f0",
                "shasum": ""
            },
            "require": {
                "ext-curl": "*",
                "php": "^5.6 || ^7.0"
            },
            "require-dev": {
                "phpmd/phpmd": "~2.6",
                "phpunit/phpunit": "~5.7",
                "squizlabs/php_codesniffer": "~3.0"
            },
            "type": "library",
            "autoload": {
                "psr-4": {
                    "Abraham\\TwitterOAuth\\": "src"
                }
            },
            "license": [
                "MIT"
            ],
            "authors": [
                {
                    "name": "Abraham Williams",
                    "email": "abraham@abrah.am",
                    "homepage": "https://abrah.am",
                    "role": "Developer"
                }
            ],
            "description": "The most popular PHP library for use with the Twitter OAuth REST API.",
            "homepage": "https://twitteroauth.com",
            "keywords": [
                "api",
                "oauth",
                "rest",
                "social",
                "twitter",
                "twitter api",
                "twitter oauth"
            ],
            "support": {
                "source": "https://github.com/abraham/twitteroauth",
                "issues": "https://github.com/abraham/twitteroauth/issues"
            },
            "time": "2018-04-05T08:38:15+00:00"
        },
        {
            "name": "cosenary/instagram",
            "version": "v2.3",
            "source": {
                "type": "git",
                "url": "https://github.com/cosenary/Instagram-PHP-API.git",
                "reference": "fbf4c82e2cc7e9a7fd6f9fd7bba1fd2c506102a5"
            },
            "dist": {
                "type": "zip",
                "url": "https://api.github.com/repos/cosenary/Instagram-PHP-API/zipball/fbf4c82e2cc7e9a7fd6f9fd7bba1fd2c506102a5",
                "reference": "fbf4c82e2cc7e9a7fd6f9fd7bba1fd2c506102a5",
                "shasum": ""
            },
            "require": {
                "ext-curl": "*",
                "php": ">=5.2.0"
            },
            "type": "library",
            "autoload": {
                "psr-4": {
                    "MetzWeb\\Instagram\\": "src"
                }
            },
            "notification-url": "https://packagist.org/downloads/",
            "license": [
                "BSD"
            ],
            "authors": [
                {
                    "name": "Christian Metz",
                    "email": "christian-metz1@gmx.net",
                    "homepage": "http://metzweb.net"
                }
            ],
            "description": "An easy-to-use PHP Class for accessing Instagram's API.",
            "homepage": "https://github.com/cosenary/Instagram-PHP-API",
            "keywords": [
                "api",
                "instagram"
            ],
            "time": "2014-11-29T13:10:42+00:00"
        },
        {
            "name": "ktamas77/firebase-php",
            "version": "2.2.0",
            "source": {
                "type": "git",
                "url": "https://github.com/ktamas77/firebase-php.git",
                "reference": "915fcac8a3e4e1ba457ab0cd0801255ce41445c5"
            },
            "dist": {
                "type": "zip",
                "url": "https://api.github.com/repos/ktamas77/firebase-php/zipball/915fcac8a3e4e1ba457ab0cd0801255ce41445c5",
                "reference": "915fcac8a3e4e1ba457ab0cd0801255ce41445c5",
                "shasum": ""
            },
            "require": {
                "php": ">=5.3.0"
            },
            "type": "library",
            "autoload": {
                "classmap": [
                    "src"
                ]
            },
            "notification-url": "https://packagist.org/downloads/",
            "license": [
                "MIT"
            ],
            "authors": [
                {
                    "name": "Tamas Kalman",
                    "email": "ktamas77@gmail.com"
                }
            ],
            "description": "Firebase PHP Client",
            "homepage": "https://github.com/ktamas77/firebase-php",
            "keywords": [
                "firebase",
                "rest",
                "wrapper"
            ],
            "time": "2016-06-14T20:11:14+00:00"
        },
        {
            "name": "maalls/inspinia-bundle",
            "version": "v2.7.1",
            "source": {
                "type": "git",
                "url": "git@github.com:maalls/inspinia-bundle.git",
                "reference": "971ab3005ea12c319cf86da8a4d42dbe6787fa2f"
            },
            "dist": {
                "type": "zip",
                "url": "https://api.github.com/repos/maalls/inspinia-bundle/zipball/971ab3005ea12c319cf86da8a4d42dbe6787fa2f",
                "reference": "971ab3005ea12c319cf86da8a4d42dbe6787fa2f",
                "shasum": ""
            },
            "type": "symfony-bundle",
            "autoload": {
                "psr-4": {
                    "Maalls\\InpiniaBundle\\": "src/"
                }
            },
            "authors": [
                {
                    "name": "maalls",
                    "email": "maalls@gmail.com"
                }
            ],
            "description": "Inspinia Bundle",
            "support": {
                "source": "https://github.com/maalls/inspinia-bundle/tree/v2.7.1",
                "issues": "https://github.com/maalls/inspinia-bundle/issues"
            },
            "time": "2018-04-17T08:32:18+00:00"
        },
        {
            "name": "maalls/phirehose",
            "version": "dev-fix",
            "source": {
                "type": "git",
                "url": "https://github.com/maalls/phirehose.git",
                "reference": "d4bdbcf808eeb4f8c553e8e602d495cbfcb22c84"
            },
            "require": {
                "php": ">=5.2.0"
            },
            "type": "library",
            "autoload": {
                "classmap": [
                    "lib"
                ]
            },
            "license": [
                "GPL"
            ],
            "authors": [
                {
                    "name": "Fenn Bailey",
                    "homepage": "http://fennb.com/"
                }
            ],
            "description": "A PHP interface to the Twitter Streaming API.",
            "homepage": "https://github.com/fennb/phirehose",
            "keywords": [
                "api",
                "phirehose",
                "php",
                "streaming",
                "twitter"
            ],
            "time": "2018-04-13T07:03:54+00:00"
        }
    ],
    "packages-dev": [
        {
            "name": "symfony/phpunit-bridge",
            "version": "v4.0.8",
            "source": {
                "type": "git",
                "url": "https://github.com/symfony/phpunit-bridge.git",
                "reference": "e82f3f46384482f2a7dab5f00c58a36b9726bde9"
            },
            "dist": {
                "type": "zip",
                "url": "https://api.github.com/repos/symfony/phpunit-bridge/zipball/e82f3f46384482f2a7dab5f00c58a36b9726bde9",
                "reference": "e82f3f46384482f2a7dab5f00c58a36b9726bde9",
                "shasum": ""
            },
            "require": {
                "php": ">=5.3.3"
            },
            "conflict": {
                "phpunit/phpunit": "<4.8.35|<5.4.3,>=5.0"
            },
            "suggest": {
                "ext-zip": "Zip support is required when using bin/simple-phpunit",
                "symfony/debug": "For tracking deprecated interfaces usages at runtime with DebugClassLoader"
            },
            "bin": [
                "bin/simple-phpunit"
            ],
            "type": "symfony-bridge",
            "extra": {
                "branch-alias": {
                    "dev-master": "4.0-dev"
                },
                "thanks": {
                    "name": "phpunit/phpunit",
                    "url": "https://github.com/sebastianbergmann/phpunit"
                }
            },
            "autoload": {
                "files": [
                    "bootstrap.php"
                ],
                "psr-4": {
                    "Symfony\\Bridge\\PhpUnit\\": ""
                },
                "exclude-from-classmap": [
                    "/Tests/"
                ]
            },
            "notification-url": "https://packagist.org/downloads/",
            "license": [
                "MIT"
            ],
            "authors": [
                {
                    "name": "Nicolas Grekas",
                    "email": "p@tchwork.com"
                },
                {
                    "name": "Symfony Community",
                    "homepage": "https://symfony.com/contributors"
                }
            ],
            "description": "Symfony PHPUnit Bridge",
            "homepage": "https://symfony.com",
            "time": "2018-04-04T18:24:59+00:00"
        }
    ],
    "aliases": [],
    "minimum-stability": "stable",
    "stability-flags": {
        "abraham/twitteroauth": 20,
        "maalls/phirehose": 20
    },
    "prefer-stable": false,
    "prefer-lowest": false,
    "platform": [],
    "platform-dev": []
}
